
Microsoft Visual Studio Solution File, Format Version 12.00
# Visual Studio Version 16
VisualStudioVersion = 16.0.30804.86
MinimumVisualStudioVersion = 10.0.40219.1
Project("{FAE04EC0-301F-11D3-BF4B-00C04F79EFBC}") = "FoodiesWebApi", "FoodiesWebApi.csproj", "{A2C454B8-7FD8-4A54-962F-8D4CCB3C7B1B}"
EndProject
Global
	GlobalSection(SolutionConfigurationPlatforms) = preSolution
		Debug|Any CPU = Debug|Any CPU
		Release|Any CPU = Release|Any CPU
	EndGlobalSection
	GlobalSection(ProjectConfigurationPlatforms) = postSolution
		{A2C454B8-7FD8-4A54-962F-8D4CCB3C7B1B}.Debug|Any CPU.ActiveCfg = Debug|Any CPU
		{A2C454B8-7FD8-4A54-962F-8D4CCB3C7B1B}.Debug|Any CPU.Build.0 = Debug|Any CPU
		{A2C454B8-7FD8-4A54-962F-8D4CCB3C7B1B}.Release|Any CPU.ActiveCfg = Release|Any CPU
		{A2C454B8-7FD8-4A54-962F-8D4CCB3C7B1B}.Release|Any CPU.Build.0 = Release|Any CPU
	EndGlobalSection
	GlobalSection(SolutionProperties) = preSolution
		HideSolutionNode = FALSE
	EndGlobalSection
	GlobalSection(ExtensibilityGlobals) = postSolution
		SolutionGuid = {1AB80D76-FDE5-4419-AE39-C6A125DB9C10}
	EndGlobalSection
EndGlobal
